
Microsoft Visual Studio Solution File, Format Version 12.00
# Visual Studio Version 17
VisualStudioVersion = 17.0.31903.59
MinimumVisualStudioVersion = 10.0.40219.1
Project("{FAE04EC0-301F-11D3-BF4B-00C04F79EFBC}") = "DataAccess", "DataAccess\DataAccess.csproj", "{E332CE7F-8E7E-4057-92F1-37EDD319C06F}"
EndProject
Project("{FAE04EC0-301F-11D3-BF4B-00C04F79EFBC}") = "Repositories", "Repositories\Repositories.csproj", "{A8951222-4DD0-4633-A3FA-021434D0075D}"
EndProject
Project("{FAE04EC0-301F-11D3-BF4B-00C04F79EFBC}") = "Services", "Services\Services.csproj", "{356DB3A5-FF66-48A4-8843-BD668D06EBA7}"
EndProject
Project("{FAE04EC0-301F-11D3-BF4B-00C04F79EFBC}") = "StudentManagementMVC", "StudentManagementMVC\StudentManagementMVC.csproj", "{705AA34F-4A6C-4F58-BE7B-D16C8E2A0DEF}"
EndProject
Project("{FAE04EC0-301F-11D3-BF4B-00C04F79EFBC}") = "StudentManagement.Tests", "StudentManagement.Tests\StudentManagement.Tests.csproj", "{3964F166-0982-4E97-9326-B1C618FEF3B5}"
EndProject
Global
	GlobalSection(SolutionConfigurationPlatforms) = preSolution
		Debug|Any CPU = Debug|Any CPU
		Debug|x64 = Debug|x64
		Debug|x86 = Debug|x86
		Release|Any CPU = Release|Any CPU
		Release|x64 = Release|x64
		Release|x86 = Release|x86
	EndGlobalSection
	GlobalSection(ProjectConfigurationPlatforms) = postSolution
		{E332CE7F-8E7E-4057-92F1-37EDD319C06F}.Debug|Any CPU.ActiveCfg = Debug|Any CPU
		{E332CE7F-8E7E-4057-92F1-37EDD319C06F}.Debug|Any CPU.Build.0 = Debug|Any CPU
		{E332CE7F-8E7E-4057-92F1-37EDD319C06F}.Debug|x64.ActiveCfg = Debug|Any CPU
		{E332CE7F-8E7E-4057-92F1-37EDD319C06F}.Debug|x64.Build.0 = Debug|Any CPU
		{E332CE7F-8E7E-4057-92F1-37EDD319C06F}.Debug|x86.ActiveCfg = Debug|Any CPU
		{E332CE7F-8E7E-4057-92F1-37EDD319C06F}.Debug|x86.Build.0 = Debug|Any CPU
		{E332CE7F-8E7E-4057-92F1-37EDD319C06F}.Release|Any CPU.ActiveCfg = Release|Any CPU
		{E332CE7F-8E7E-4057-92F1-37EDD319C06F}.Release|Any CPU.Build.0 = Release|Any CPU
		{E332CE7F-8E7E-4057-92F1-37EDD319C06F}.Release|x64.ActiveCfg = Release|Any CPU
		{E332CE7F-8E7E-4057-92F1-37EDD319C06F}.Release|x64.Build.0 = Release|Any CPU
		{E332CE7F-8E7E-4057-92F1-37EDD319C06F}.Release|x86.ActiveCfg = Release|Any CPU
		{E332CE7F-8E7E-4057-92F1-37EDD319C06F}.Release|x86.Build.0 = Release|Any CPU
		{A8951222-4DD0-4633-A3FA-021434D0075D}.Debug|Any CPU.ActiveCfg = Debug|Any CPU
		{A8951222-4DD0-4633-A3FA-021434D0075D}.Debug|Any CPU.Build.0 = Debug|Any CPU
		{A8951222-4DD0-4633-A3FA-021434D0075D}.Debug|x64.ActiveCfg = Debug|Any CPU
		{A8951222-4DD0-4633-A3FA-021434D0075D}.Debug|x64.Build.0 = Debug|Any CPU
		{A8951222-4DD0-4633-A3FA-021434D0075D}.Debug|x86.ActiveCfg = Debug|Any CPU
		{A8951222-4DD0-4633-A3FA-021434D0075D}.Debug|x86.Build.0 = Debug|Any CPU
		{A8951222-4DD0-4633-A3FA-021434D0075D}.Release|Any CPU.ActiveCfg = Release|Any CPU
		{A8951222-4DD0-4633-A3FA-021434D0075D}.Release|Any CPU.Build.0 = Release|Any CPU
		{A8951222-4DD0-4633-A3FA-021434D0075D}.Release|x64.ActiveCfg = Release|Any CPU
		{A8951222-4DD0-4633-A3FA-021434D0075D}.Release|x64.Build.0 = Release|Any CPU
		{A8951222-4DD0-4633-A3FA-021434D0075D}.Release|x86.ActiveCfg = Release|Any CPU
		{A8951222-4DD0-4633-A3FA-021434D0075D}.Release|x86.Build.0 = Release|Any CPU
		{356DB3A5-FF66-48A4-8843-BD668D06EBA7}.Debug|Any CPU.ActiveCfg = Debug|Any CPU
		{356DB3A5-FF66-48A4-8843-BD668D06EBA7}.Debug|Any CPU.Build.0 = Debug|Any CPU
		{356DB3A5-FF66-48A4-8843-BD668D06EBA7}.Debug|x64.ActiveCfg = Debug|Any CPU
		{356DB3A5-FF66-48A4-8843-BD668D06EBA7}.Debug|x64.Build.0 = Debug|Any CPU
		{356DB3A5-FF66-48A4-8843-BD668D06EBA7}.Debug|x86.ActiveCfg = Debug|Any CPU
		{356DB3A5-FF66-48A4-8843-BD668D06EBA7}.Debug|x86.Build.0 = Debug|Any CPU
		{356DB3A5-FF66-48A4-8843-BD668D06EBA7}.Release|Any CPU.ActiveCfg = Release|Any CPU
		{356DB3A5-FF66-48A4-8843-BD668D06EBA7}.Release|Any CPU.Build.0 = Release|Any CPU
		{356DB3A5-FF66-48A4-8843-BD668D06EBA7}.Release|x64.ActiveCfg = Release|Any CPU
		{356DB3A5-FF66-48A4-8843-BD668D06EBA7}.Release|x64.Build.0 = Release|Any CPU
		{356DB3A5-FF66-48A4-8843-BD668D06EBA7}.Release|x86.ActiveCfg = Release|Any CPU
		{356DB3A5-FF66-48A4-8843-BD668D06EBA7}.Release|x86.Build.0 = Release|Any CPU
		{705AA34F-4A6C-4F58-BE7B-D16C8E2A0DEF}.Debug|Any CPU.ActiveCfg = Debug|Any CPU
		{705AA34F-4A6C-4F58-BE7B-D16C8E2A0DEF}.Debug|Any CPU.Build.0 = Debug|Any CPU
		{705AA34F-4A6C-4F58-BE7B-D16C8E2A0DEF}.Debug|x64.ActiveCfg = Debug|Any CPU
		{705AA34F-4A6C-4F58-BE7B-D16C8E2A0DEF}.Debug|x64.Build.0 = Debug|Any CPU
		{705AA34F-4A6C-4F58-BE7B-D16C8E2A0DEF}.Debug|x86.ActiveCfg = Debug|Any CPU
		{705AA34F-4A6C-4F58-BE7B-D16C8E2A0DEF}.Debug|x86.Build.0 = Debug|Any CPU
		{705AA34F-4A6C-4F58-BE7B-D16C8E2A0DEF}.Release|Any CPU.ActiveCfg = Release|Any CPU
		{705AA34F-4A6C-4F58-BE7B-D16C8E2A0DEF}.Release|Any CPU.Build.0 = Release|Any CPU
		{705AA34F-4A6C-4F58-BE7B-D16C8E2A0DEF}.Release|x64.ActiveCfg = Release|Any CPU
		{705AA34F-4A6C-4F58-BE7B-D16C8E2A0DEF}.Release|x64.Build.0 = Release|Any CPU
		{705AA34F-4A6C-4F58-BE7B-D16C8E2A0DEF}.Release|x86.ActiveCfg = Release|Any CPU
		{705AA34F-4A6C-4F58-BE7B-D16C8E2A0DEF}.Release|x86.Build.0 = Release|Any CPU
		{3964F166-0982-4E97-9326-B1C618FEF3B5}.Debug|Any CPU.ActiveCfg = Debug|Any CPU
		{3964F166-0982-4E97-9326-B1C618FEF3B5}.Debug|Any CPU.Build.0 = Debug|Any CPU
		{3964F166-0982-4E97-9326-B1C618FEF3B5}.Debug|x64.ActiveCfg = Debug|Any CPU
		{3964F166-0982-4E97-9326-B1C618FEF3B5}.Debug|x64.Build.0 = Debug|Any CPU
		{3964F166-0982-4E97-9326-B1C618FEF3B5}.Debug|x86.ActiveCfg = Debug|Any CPU
		{3964F166-0982-4E97-9326-B1C618FEF3B5}.Debug|x86.Build.0 = Debug|Any CPU
		{3964F166-0982-4E97-9326-B1C618FEF3B5}.Release|Any CPU.ActiveCfg = Release|Any CPU
		{3964F166-0982-4E97-9326-B1C618FEF3B5}.Release|Any CPU.Build.0 = Release|Any CPU
		{3964F166-0982-4E97-9326-B1C618FEF3B5}.Release|x64.ActiveCfg = Release|Any CPU
		{3964F166-0982-4E97-9326-B1C618FEF3B5}.Release|x64.Build.0 = Release|Any CPU
		{3964F166-0982-4E97-9326-B1C618FEF3B5}.Release|x86.ActiveCfg = Release|Any CPU
		{3964F166-0982-4E97-9326-B1C618FEF3B5}.Release|x86.Build.0 = Release|Any CPU
	EndGlobalSection
	GlobalSection(SolutionProperties) = preSolution
		HideSolutionNode = FALSE
	EndGlobalSection
EndGlobal
